
Microsoft Visual Studio Solution File, Format Version 12.00
# Visual Studio Version 17
VisualStudioVersion = 17.0.31903.59
MinimumVisualStudioVersion = 10.0.40219.1
Project("{FAE04EC0-301F-11D3-BF4B-00C04F79EFBC}") = "Sanko", "Sanko\Sanko.csproj", "{7F08EBC6-6BB9-4B37-908A-DD3134E62CBB}"
EndProject
Project("{FAE04EC0-301F-11D3-BF4B-00C04F79EFBC}") = "Database", "Database\Database.csproj", "{C0803D35-2D63-4540-ADDD-1277233CF307}"
EndProject
Global
	GlobalSection(SolutionConfigurationPlatforms) = preSolution
		Debug|Any CPU = Debug|Any CPU
		Release|Any CPU = Release|Any CPU
	EndGlobalSection
	GlobalSection(SolutionProperties) = preSolution
		HideSolutionNode = FALSE
	EndGlobalSection
	GlobalSection(ProjectConfigurationPlatforms) = postSolution
		{7F08EBC6-6BB9-4B37-908A-DD3134E62CBB}.Debug|Any CPU.ActiveCfg = Debug|Any CPU
		{7F08EBC6-6BB9-4B37-908A-DD3134E62CBB}.Debug|Any CPU.Build.0 = Debug|Any CPU
		{7F08EBC6-6BB9-4B37-908A-DD3134E62CBB}.Release|Any CPU.ActiveCfg = Release|Any CPU
		{7F08EBC6-6BB9-4B37-908A-DD3134E62CBB}.Release|Any CPU.Build.0 = Release|Any CPU
		{C0803D35-2D63-4540-ADDD-1277233CF307}.Debug|Any CPU.ActiveCfg = Debug|Any CPU
		{C0803D35-2D63-4540-ADDD-1277233CF307}.Debug|Any CPU.Build.0 = Debug|Any CPU
		{C0803D35-2D63-4540-ADDD-1277233CF307}.Release|Any CPU.ActiveCfg = Release|Any CPU
		{C0803D35-2D63-4540-ADDD-1277233CF307}.Release|Any CPU.Build.0 = Release|Any CPU
	EndGlobalSection
EndGlobal
